{
  "name": "today-we-learned",
  "version": "1.0.0",
  "lockfileVersion": 2,
  "requires": true,
  "packages": {
    "": {
      "name": "today-we-learned",
      "version": "1.0.0",
      "license": "ISC",
      "dependencies": {
        "moment": "^2.29.4",
        "twitter-api-v2": "^1.12.7"
      }
    },
    "node_modules/moment": {
      "version": "2.29.4",
      "resolved": "https://registry.npmjs.org/moment/-/moment-2.29.4.tgz",
      "integrity": "sha512-5LC9SOxjSc2HF6vO2CyuTDNivEdoz2IvyJJGj6X8DJ0eFyfszE0QiEd+iXmBvUP3WHxSjFH/vIsA0EN00cgr8w==",
      "engines": {
        "node": "*"
      }
    },
    "node_modules/twitter-api-v2": {
      "version": "1.12.7",
      "resolved": "https://registry.npmjs.org/twitter-api-v2/-/twitter-api-v2-1.12.7.tgz",
      "integrity": "sha512-kz0/algmi49xejjrKoEJEpXCa1Y0d2MHHhjJZS55ORcqzs8RHxvLO1oWeJNvFz/o+FQW+sFCpmM/5DyYy+QBXw=="
    }
  },
  "dependencies": {
    "moment": {
      "version": "2.29.4",
      "resolved": "https://registry.npmjs.org/moment/-/moment-2.29.4.tgz",
      "integrity": "sha512-5LC9SOxjSc2HF6vO2CyuTDNivEdoz2IvyJJGj6X8DJ0eFyfszE0QiEd+iXmBvUP3WHxSjFH/vIsA0EN00cgr8w=="
    },
    "twitter-api-v2": {
      "version": "1.12.7",
      "resolved": "https://registry.npmjs.org/twitter-api-v2/-/twitter-api-v2-1.12.7.tgz",
      "integrity": "sha512-kz0/algmi49xejjrKoEJEpXCa1Y0d2MHHhjJZS55ORcqzs8RHxvLO1oWeJNvFz/o+FQW+sFCpmM/5DyYy+QBXw=="
    }
  }
}
